
Microsoft Visual Studio Solution File, Format Version 12.00
Project("{FAE04EC0-301F-11D3-BF4B-00C04F79EFBC}") = "BlazorPresentation", "BlazorPresentation\BlazorPresentation.csproj", "{80483750-C3EC-4260-8F66-D2F5991C858B}"
EndProject
Global
	GlobalSection(SolutionConfigurationPlatforms) = preSolution
		Debug|Any CPU = Debug|Any CPU
		Release|Any CPU = Release|Any CPU
	EndGlobalSection
	GlobalSection(ProjectConfigurationPlatforms) = postSolution
		{80483750-C3EC-4260-8F66-D2F5991C858B}.Debug|Any CPU.ActiveCfg = Debug|Any CPU
		{80483750-C3EC-4260-8F66-D2F5991C858B}.Debug|Any CPU.Build.0 = Debug|Any CPU
		{80483750-C3EC-4260-8F66-D2F5991C858B}.Release|Any CPU.ActiveCfg = Release|Any CPU
		{80483750-C3EC-4260-8F66-D2F5991C858B}.Release|Any CPU.Build.0 = Release|Any CPU
	EndGlobalSection
EndGlobal
